<?xml version="1.0" encoding="UTF-8" standalone="yes" ?>
<CodeBlocks_project_file>
	<FileVersion major="1" minor="6" />
	<Project>
		<Option title="FBTrueType" />
		<Option pch_mode="2" />
		<Option compiler="gcc" />
		<Build>
			<Target title="w32_dynamic">
				<Option platforms="Windows;" />
				<Option output="../FBTrueType/FBTrueType-32.dll" imp_lib="../FBTrueType/lib/win/libFBTrueType-32.dll.a" def_file="$(TARGET_OUTPUT_DIR)$(TARGET_OUTPUT_BASENAME)" prefix_auto="0" extension_auto="0" />
				<Option object_output="obj/w32" />
				<Option type="3" />
				<Option compiler="gcc" />
				<Option createStaticLib="1" />
				<Compiler>
					<Add option="-m32" />
					<Add option="-DBUILD_DLL" />
				</Compiler>
				<Linker>
					<Add option="-m32" />
					<Add option="-s" />
				</Linker>
			</Target>
			<Target title="w32_static">
				<Option platforms="Windows;" />
				<Option output="../FBTrueType/lib/win/libFBTrueType-32-static.a" prefix_auto="0" extension_auto="0" />
				<Option working_dir="" />
				<Option object_output="obj/w32-static" />
				<Option type="2" />
				<Option compiler="gcc" />
				<Compiler>
					<Add option="-m32" />
					<Add option="-DSTBTT_STATIC" />
				</Compiler>
				<Linker>
					<Add option="-m32" />
				</Linker>
			</Target>
			<Target title="w64_dynamic">
				<Option platforms="Windows;" />
				<Option output="../FBTrueType/FBTrueType-64.dll" imp_lib="../FBTrueType/lib/win/libFBTrueType-64.dll.a" def_file="$(TARGET_OUTPUT_DIR)$(TARGET_OUTPUT_BASENAME)" prefix_auto="0" extension_auto="0" />
				<Option object_output="obj/w64" />
				<Option type="3" />
				<Option compiler="gcc" />
				<Option createStaticLib="1" />
				<Compiler>
					<Add option="-m64" />
					<Add option="-DBUILD_DLL" />
				</Compiler>
				<Linker>
					<Add option="-m64" />
					<Add option="-s" />
				</Linker>
			</Target>
			<Target title="w64_static">
				<Option platforms="Windows;" />
				<Option output="../FBTrueType/lib/win/libFBTrueType-64-static.a" prefix_auto="0" extension_auto="0" />
				<Option working_dir="" />
				<Option object_output="obj/w64-static" />
				<Option type="2" />
				<Option compiler="gcc" />
				<Compiler>
					<Add option="-m64" />
					<Add option="-DSTBTT_STATIC" />
				</Compiler>
				<Linker>
					<Add option="-m64" />
				</Linker>
			</Target>
			<Target title="l32_dynamic">
				<Option platforms="Unix;" />
				<Option output="../FBTrueType/libFBTrueType-32.so" prefix_auto="0" extension_auto="0" />
				<Option object_output="obj/l32" />
				<Option type="3" />
				<Option compiler="gcc" />
				<Compiler>
					<Add option="-m32" />
				</Compiler>
				<Linker>
					<Add option="-m32" />
					<Add option="-s" />
				</Linker>
			</Target>
			<Target title="l32_static">
				<Option platforms="Unix;" />
				<Option output="../FBTrueType/lib/lin/libFBTrueType-32-static.a" prefix_auto="0" extension_auto="0" />
				<Option working_dir="" />
				<Option object_output="obj/l32-static" />
				<Option type="2" />
				<Option compiler="gcc" />
				<Compiler>
					<Add option="-m32" />
				</Compiler>
				<Linker>
					<Add option="-m32" />
					<Add option="-DSTBTT_STATIC" />
					<Add option="-DSTB_IMAGE_WRITE_STATIC" />
				</Linker>
			</Target>
			<Target title="l64_dynamic">
				<Option platforms="Unix;" />
				<Option output="../FBTrueType/libFBTrueType-64.so" prefix_auto="0" extension_auto="0" />
				<Option object_output="obj/l64" />
				<Option type="3" />
				<Option compiler="gcc" />
				<Compiler>
					<Add option="-m64" />
					<Add option="-fPIC" />
				</Compiler>
				<Linker>
					<Add option="-m64" />
					<Add option="-fPIC" />
					<Add option="-s" />
				</Linker>
			</Target>
			<Target title="l64_static">
				<Option platforms="Unix;" />
				<Option output="../FBTrueType/lib/lin/libFBTrueType-64-static.a" prefix_auto="0" extension_auto="0" />
				<Option working_dir="" />
				<Option object_output="obj/l64-static" />
				<Option type="2" />
				<Option compiler="gcc" />
				<Compiler>
					<Add option="-m64" />
					<Add option="-DSTBTT_STATIC" />
				</Compiler>
				<Linker>
					<Add option="-m64" />
				</Linker>
			</Target>
		</Build>
		<Compiler>
			<Add option="-O2" />
			<Add option="-Wall" />
			<Add option="-DNDEBUG" />
		</Compiler>
		<Unit filename="FBTrueType.c">
			<Option compilerVar="CC" />
		</Unit>
		<Unit filename="FBTrueType.h" />
		<Unit filename="stb_truetype.h" />
		<Extensions>
			<code_completion />
			<envvars />
			<debugger />
			<lib_finder disable_auto="1" />
		</Extensions>
	</Project>
</CodeBlocks_project_file>
